
Microsoft Visual Studio Solution File, Format Version 12.00
# Visual Studio Version 17
VisualStudioVersion = 17.9.34728.123
MinimumVisualStudioVersion = 10.0.40219.1
Project("{9A19103F-16F7-4668-BE54-9A1E7A4F7556}") = "Calculator", "Calculator\Calculator.csproj", "{C9A7DA60-3465-442A-AEBB-21FA9A93E7C3}"
EndProject
Project("{FAE04EC0-301F-11D3-BF4B-00C04F79EFBC}") = "Calculator.Test.Unit", "Calculator.Test.Unit\Calculator.Test.Unit.csproj", "{AB2B4DDF-5E0B-4E89-BB59-585E499A1C90}"
EndProject
Global
	GlobalSection(SolutionConfigurationPlatforms) = preSolution
		Debug|Any CPU = Debug|Any CPU
		Release|Any CPU = Release|Any CPU
	EndGlobalSection
	GlobalSection(ProjectConfigurationPlatforms) = postSolution
		{C9A7DA60-3465-442A-AEBB-21FA9A93E7C3}.Debug|Any CPU.ActiveCfg = Debug|Any CPU
		{C9A7DA60-3465-442A-AEBB-21FA9A93E7C3}.Debug|Any CPU.Build.0 = Debug|Any CPU
		{C9A7DA60-3465-442A-AEBB-21FA9A93E7C3}.Release|Any CPU.ActiveCfg = Release|Any CPU
		{C9A7DA60-3465-442A-AEBB-21FA9A93E7C3}.Release|Any CPU.Build.0 = Release|Any CPU
		{AB2B4DDF-5E0B-4E89-BB59-585E499A1C90}.Debug|Any CPU.ActiveCfg = Debug|Any CPU
		{AB2B4DDF-5E0B-4E89-BB59-585E499A1C90}.Debug|Any CPU.Build.0 = Debug|Any CPU
		{AB2B4DDF-5E0B-4E89-BB59-585E499A1C90}.Release|Any CPU.ActiveCfg = Release|Any CPU
		{AB2B4DDF-5E0B-4E89-BB59-585E499A1C90}.Release|Any CPU.Build.0 = Release|Any CPU
	EndGlobalSection
	GlobalSection(SolutionProperties) = preSolution
		HideSolutionNode = FALSE
	EndGlobalSection
	GlobalSection(ExtensibilityGlobals) = postSolution
		SolutionGuid = {62697CB6-F42E-4691-9168-517353EE24CD}
	EndGlobalSection
EndGlobal
